
Microsoft Visual Studio Solution File, Format Version 12.00
# Visual Studio Version 17
VisualStudioVersion = 17.0.32112.339
MinimumVisualStudioVersion = 10.0.40219.1
Project("{9A19103F-16F7-4668-BE54-9A1E7A4F7556}") = "SpeechRecognizer", "SpeechRecognizer\SpeechRecognizer.csproj", "{95334058-4047-47CD-B839-527EEA4707E3}"
EndProject
Project("{FAE04EC0-301F-11D3-BF4B-00C04F79EFBC}") = "RobotController", "RobotController\RobotController.csproj", "{AE08AEAB-65AD-4DC2-9612-6A013833CC9E}"
EndProject
Project("{FAE04EC0-301F-11D3-BF4B-00C04F79EFBC}") = "BaseCommandRecognizer", "BaseCommandRecognizer\BaseCommandRecognizer.csproj", "{346DB950-2BF7-4078-8962-2CD73BD89F5F}"
EndProject
Project("{FAE04EC0-301F-11D3-BF4B-00C04F79EFBC}") = "ConsoleRecognizer", "ConsoleRecognizer\ConsoleRecognizer.csproj", "{B91105CA-6FC3-4EA7-91B1-D874EABFED62}"
EndProject
Project("{FAE04EC0-301F-11D3-BF4B-00C04F79EFBC}") = "KeyTester", "KeyTester\KeyTester.csproj", "{2075EBA3-01AB-46C0-9DC6-480FF626147D}"
EndProject
Global
	GlobalSection(SolutionConfigurationPlatforms) = preSolution
		Debug|Any CPU = Debug|Any CPU
		Release|Any CPU = Release|Any CPU
	EndGlobalSection
	GlobalSection(ProjectConfigurationPlatforms) = postSolution
		{95334058-4047-47CD-B839-527EEA4707E3}.Debug|Any CPU.ActiveCfg = Debug|Any CPU
		{95334058-4047-47CD-B839-527EEA4707E3}.Debug|Any CPU.Build.0 = Debug|Any CPU
		{95334058-4047-47CD-B839-527EEA4707E3}.Release|Any CPU.ActiveCfg = Release|Any CPU
		{95334058-4047-47CD-B839-527EEA4707E3}.Release|Any CPU.Build.0 = Release|Any CPU
		{AE08AEAB-65AD-4DC2-9612-6A013833CC9E}.Debug|Any CPU.ActiveCfg = Debug|Any CPU
		{AE08AEAB-65AD-4DC2-9612-6A013833CC9E}.Debug|Any CPU.Build.0 = Debug|Any CPU
		{AE08AEAB-65AD-4DC2-9612-6A013833CC9E}.Release|Any CPU.ActiveCfg = Release|Any CPU
		{AE08AEAB-65AD-4DC2-9612-6A013833CC9E}.Release|Any CPU.Build.0 = Release|Any CPU
		{346DB950-2BF7-4078-8962-2CD73BD89F5F}.Debug|Any CPU.ActiveCfg = Debug|Any CPU
		{346DB950-2BF7-4078-8962-2CD73BD89F5F}.Debug|Any CPU.Build.0 = Debug|Any CPU
		{346DB950-2BF7-4078-8962-2CD73BD89F5F}.Release|Any CPU.ActiveCfg = Release|Any CPU
		{346DB950-2BF7-4078-8962-2CD73BD89F5F}.Release|Any CPU.Build.0 = Release|Any CPU
		{B91105CA-6FC3-4EA7-91B1-D874EABFED62}.Debug|Any CPU.ActiveCfg = Debug|Any CPU
		{B91105CA-6FC3-4EA7-91B1-D874EABFED62}.Debug|Any CPU.Build.0 = Debug|Any CPU
		{B91105CA-6FC3-4EA7-91B1-D874EABFED62}.Release|Any CPU.ActiveCfg = Release|Any CPU
		{B91105CA-6FC3-4EA7-91B1-D874EABFED62}.Release|Any CPU.Build.0 = Release|Any CPU
		{2075EBA3-01AB-46C0-9DC6-480FF626147D}.Debug|Any CPU.ActiveCfg = Debug|Any CPU
		{2075EBA3-01AB-46C0-9DC6-480FF626147D}.Debug|Any CPU.Build.0 = Debug|Any CPU
		{2075EBA3-01AB-46C0-9DC6-480FF626147D}.Release|Any CPU.ActiveCfg = Release|Any CPU
		{2075EBA3-01AB-46C0-9DC6-480FF626147D}.Release|Any CPU.Build.0 = Release|Any CPU
	EndGlobalSection
	GlobalSection(SolutionProperties) = preSolution
		HideSolutionNode = FALSE
	EndGlobalSection
	GlobalSection(ExtensibilityGlobals) = postSolution
		SolutionGuid = {9022A792-0A0D-48FE-BF7A-A9B143E360C0}
	EndGlobalSection
EndGlobal
